
Microsoft Visual Studio Solution File, Format Version 12.00
# Visual Studio Version 17
VisualStudioVersion = 17.3.32929.385
MinimumVisualStudioVersion = 10.0.40219.1
Project("{2150E333-8FDC-42A3-9474-1A3956D46DE8}") = "CMakePredefinedTargets", "CMakePredefinedTargets", "{B39C31A7-3331-3220-B67B-A3E4F7CE8398}"
EndProject
Project("{2150E333-8FDC-42A3-9474-1A3956D46DE8}") = "External", "External", "{1F7D4EB4-5BE3-38D3-8AA7-B8D65A6D95A4}"
EndProject
Project("{2150E333-8FDC-42A3-9474-1A3956D46DE8}") = "Internal", "Internal", "{5182CABB-4994-3FC2-A401-9B6A134034EE}"
EndProject
Project("{2150E333-8FDC-42A3-9474-1A3956D46DE8}") = "Utils", "Utils", "{A4868957-4A9F-3C56-87AE-716D7943D4F4}"
EndProject
Project("{8BC9CEB8-8B4A-11D0-8D11-00A0C91BC942}") = "Convimon", "Convimon.vcxproj", "{D4CE307C-2F3F-3AE6-8DD3-3ED9AD8F84A0}"
	ProjectSection(ProjectDependencies) = postProject
		{7E86B043-5F83-326F-B546-F2CA1E174A22} = {7E86B043-5F83-326F-B546-F2CA1E174A22}
		{1FE41515-9DCA-3593-A687-42738152D6C6} = {1FE41515-9DCA-3593-A687-42738152D6C6}
		{0B5F05BB-743A-3166-A55E-1F12CB167A22} = {0B5F05BB-743A-3166-A55E-1F12CB167A22}
		{87836B1D-FB3A-3A0C-81FC-711F405A8C29} = {87836B1D-FB3A-3A0C-81FC-711F405A8C29}
		{DB0D784A-0D8C-349B-9F72-93643CB6632D} = {DB0D784A-0D8C-349B-9F72-93643CB6632D}
		{4C72FC88-2F94-38B8-8321-8A78040186AF} = {4C72FC88-2F94-38B8-8321-8A78040186AF}
		{FAED7F04-642A-3C68-A925-A0C087725FD0} = {FAED7F04-642A-3C68-A925-A0C087725FD0}
		{70B15C38-0368-38FF-B199-1DD6F53A8D55} = {70B15C38-0368-38FF-B199-1DD6F53A8D55}
		{8C5E2BA3-F8CA-387C-9069-A9231D555C38} = {8C5E2BA3-F8CA-387C-9069-A9231D555C38}
		{29B9B32A-D339-3A73-84A5-C58F4A2459EC} = {29B9B32A-D339-3A73-84A5-C58F4A2459EC}
		{4B46C856-18E8-3071-B98F-956871C927C9} = {4B46C856-18E8-3071-B98F-956871C927C9}
		{9870AECB-CF14-364B-9552-806F2D11EDE7} = {9870AECB-CF14-364B-9552-806F2D11EDE7}
		{061F8FA2-D01C-39FC-8F9C-26D5AECEF0DF} = {061F8FA2-D01C-39FC-8F9C-26D5AECEF0DF}
		{7CB07C8F-0F6F-35D5-BA76-F299AE399EDB} = {7CB07C8F-0F6F-35D5-BA76-F299AE399EDB}
	EndProjectSection
EndProject
Project("{8BC9CEB8-8B4A-11D0-8D11-00A0C91BC942}") = "SYNC_RESOURCE-Convimon", "SYNC_RESOURCE-Convimon.vcxproj", "{7E86B043-5F83-326F-B546-F2CA1E174A22}"
	ProjectSection(ProjectDependencies) = postProject
		{1FE41515-9DCA-3593-A687-42738152D6C6} = {1FE41515-9DCA-3593-A687-42738152D6C6}
	EndProjectSection
EndProject
Project("{8BC9CEB8-8B4A-11D0-8D11-00A0C91BC942}") = "ZERO_CHECK", "ZERO_CHECK.vcxproj", "{1FE41515-9DCA-3593-A687-42738152D6C6}"
EndProject
Project("{8BC9CEB8-8B4A-11D0-8D11-00A0C91BC942}") = "cocos2d", "engine\cocos\core\cocos2d.vcxproj", "{0B5F05BB-743A-3166-A55E-1F12CB167A22}"
	ProjectSection(ProjectDependencies) = postProject
		{1FE41515-9DCA-3593-A687-42738152D6C6} = {1FE41515-9DCA-3593-A687-42738152D6C6}
		{87836B1D-FB3A-3A0C-81FC-711F405A8C29} = {87836B1D-FB3A-3A0C-81FC-711F405A8C29}
		{DB0D784A-0D8C-349B-9F72-93643CB6632D} = {DB0D784A-0D8C-349B-9F72-93643CB6632D}
		{4C72FC88-2F94-38B8-8321-8A78040186AF} = {4C72FC88-2F94-38B8-8321-8A78040186AF}
		{FAED7F04-642A-3C68-A925-A0C087725FD0} = {FAED7F04-642A-3C68-A925-A0C087725FD0}
		{70B15C38-0368-38FF-B199-1DD6F53A8D55} = {70B15C38-0368-38FF-B199-1DD6F53A8D55}
		{8C5E2BA3-F8CA-387C-9069-A9231D555C38} = {8C5E2BA3-F8CA-387C-9069-A9231D555C38}
		{29B9B32A-D339-3A73-84A5-C58F4A2459EC} = {29B9B32A-D339-3A73-84A5-C58F4A2459EC}
		{4B46C856-18E8-3071-B98F-956871C927C9} = {4B46C856-18E8-3071-B98F-956871C927C9}
		{9870AECB-CF14-364B-9552-806F2D11EDE7} = {9870AECB-CF14-364B-9552-806F2D11EDE7}
		{061F8FA2-D01C-39FC-8F9C-26D5AECEF0DF} = {061F8FA2-D01C-39FC-8F9C-26D5AECEF0DF}
		{7CB07C8F-0F6F-35D5-BA76-F299AE399EDB} = {7CB07C8F-0F6F-35D5-BA76-F299AE399EDB}
	EndProjectSection
EndProject
Project("{8BC9CEB8-8B4A-11D0-8D11-00A0C91BC942}") = "ext_clipper", "engine\external\clipper\ext_clipper.vcxproj", "{87836B1D-FB3A-3A0C-81FC-711F405A8C29}"
	ProjectSection(ProjectDependencies) = postProject
		{1FE41515-9DCA-3593-A687-42738152D6C6} = {1FE41515-9DCA-3593-A687-42738152D6C6}
	EndProjectSection
EndProject
Project("{8BC9CEB8-8B4A-11D0-8D11-00A0C91BC942}") = "ext_convertUTF", "engine\external\ConvertUTF\ext_convertUTF.vcxproj", "{DB0D784A-0D8C-349B-9F72-93643CB6632D}"
	ProjectSection(ProjectDependencies) = postProject
		{1FE41515-9DCA-3593-A687-42738152D6C6} = {1FE41515-9DCA-3593-A687-42738152D6C6}
	EndProjectSection
EndProject
Project("{8BC9CEB8-8B4A-11D0-8D11-00A0C91BC942}") = "ext_edtaa3func", "engine\external\edtaa3func\ext_edtaa3func.vcxproj", "{4C72FC88-2F94-38B8-8321-8A78040186AF}"
	ProjectSection(ProjectDependencies) = postProject
		{1FE41515-9DCA-3593-A687-42738152D6C6} = {1FE41515-9DCA-3593-A687-42738152D6C6}
	EndProjectSection
EndProject
Project("{8BC9CEB8-8B4A-11D0-8D11-00A0C91BC942}") = "ext_md5", "engine\external\md5\ext_md5.vcxproj", "{FAED7F04-642A-3C68-A925-A0C087725FD0}"
	ProjectSection(ProjectDependencies) = postProject
		{1FE41515-9DCA-3593-A687-42738152D6C6} = {1FE41515-9DCA-3593-A687-42738152D6C6}
	EndProjectSection
EndProject
Project("{8BC9CEB8-8B4A-11D0-8D11-00A0C91BC942}") = "ext_poly2tri", "engine\external\poly2tri\ext_poly2tri.vcxproj", "{70B15C38-0368-38FF-B199-1DD6F53A8D55}"
	ProjectSection(ProjectDependencies) = postProject
		{1FE41515-9DCA-3593-A687-42738152D6C6} = {1FE41515-9DCA-3593-A687-42738152D6C6}
	EndProjectSection
EndProject
Project("{8BC9CEB8-8B4A-11D0-8D11-00A0C91BC942}") = "ext_recast", "engine\external\recast\ext_recast.vcxproj", "{8C5E2BA3-F8CA-387C-9069-A9231D555C38}"
	ProjectSection(ProjectDependencies) = postProject
		{1FE41515-9DCA-3593-A687-42738152D6C6} = {1FE41515-9DCA-3593-A687-42738152D6C6}
	EndProjectSection
EndProject
Project("{8BC9CEB8-8B4A-11D0-8D11-00A0C91BC942}") = "ext_tinyxml2", "engine\external\tinyxml2\ext_tinyxml2.vcxproj", "{29B9B32A-D339-3A73-84A5-C58F4A2459EC}"
	ProjectSection(ProjectDependencies) = postProject
		{1FE41515-9DCA-3593-A687-42738152D6C6} = {1FE41515-9DCA-3593-A687-42738152D6C6}
	EndProjectSection
EndProject
Project("{8BC9CEB8-8B4A-11D0-8D11-00A0C91BC942}") = "ext_unzip", "engine\external\unzip\ext_unzip.vcxproj", "{4B46C856-18E8-3071-B98F-956871C927C9}"
	ProjectSection(ProjectDependencies) = postProject
		{1FE41515-9DCA-3593-A687-42738152D6C6} = {1FE41515-9DCA-3593-A687-42738152D6C6}
	EndProjectSection
EndProject
Project("{8BC9CEB8-8B4A-11D0-8D11-00A0C91BC942}") = "ext_xxhash", "engine\external\xxhash\ext_xxhash.vcxproj", "{9870AECB-CF14-364B-9552-806F2D11EDE7}"
	ProjectSection(ProjectDependencies) = postProject
		{1FE41515-9DCA-3593-A687-42738152D6C6} = {1FE41515-9DCA-3593-A687-42738152D6C6}
	EndProjectSection
EndProject
Project("{8BC9CEB8-8B4A-11D0-8D11-00A0C91BC942}") = "ext_xxtea", "engine\external\xxtea\ext_xxtea.vcxproj", "{061F8FA2-D01C-39FC-8F9C-26D5AECEF0DF}"
	ProjectSection(ProjectDependencies) = postProject
		{1FE41515-9DCA-3593-A687-42738152D6C6} = {1FE41515-9DCA-3593-A687-42738152D6C6}
	EndProjectSection
EndProject
Project("{8BC9CEB8-8B4A-11D0-8D11-00A0C91BC942}") = "external", "engine\external\external.vcxproj", "{7CB07C8F-0F6F-35D5-BA76-F299AE399EDB}"
	ProjectSection(ProjectDependencies) = postProject
		{1FE41515-9DCA-3593-A687-42738152D6C6} = {1FE41515-9DCA-3593-A687-42738152D6C6}
		{87836B1D-FB3A-3A0C-81FC-711F405A8C29} = {87836B1D-FB3A-3A0C-81FC-711F405A8C29}
		{DB0D784A-0D8C-349B-9F72-93643CB6632D} = {DB0D784A-0D8C-349B-9F72-93643CB6632D}
		{4C72FC88-2F94-38B8-8321-8A78040186AF} = {4C72FC88-2F94-38B8-8321-8A78040186AF}
		{FAED7F04-642A-3C68-A925-A0C087725FD0} = {FAED7F04-642A-3C68-A925-A0C087725FD0}
		{70B15C38-0368-38FF-B199-1DD6F53A8D55} = {70B15C38-0368-38FF-B199-1DD6F53A8D55}
		{8C5E2BA3-F8CA-387C-9069-A9231D555C38} = {8C5E2BA3-F8CA-387C-9069-A9231D555C38}
		{29B9B32A-D339-3A73-84A5-C58F4A2459EC} = {29B9B32A-D339-3A73-84A5-C58F4A2459EC}
		{4B46C856-18E8-3071-B98F-956871C927C9} = {4B46C856-18E8-3071-B98F-956871C927C9}
		{9870AECB-CF14-364B-9552-806F2D11EDE7} = {9870AECB-CF14-364B-9552-806F2D11EDE7}
		{061F8FA2-D01C-39FC-8F9C-26D5AECEF0DF} = {061F8FA2-D01C-39FC-8F9C-26D5AECEF0DF}
	EndProjectSection
EndProject
Global
	GlobalSection(SolutionConfigurationPlatforms) = preSolution
		Debug|win32 = Debug|win32
		MinSizeRel|win32 = MinSizeRel|win32
		Release|win32 = Release|win32
		RelWithDebInfo|win32 = RelWithDebInfo|win32
	EndGlobalSection
	GlobalSection(ProjectConfigurationPlatforms) = postSolution
		{D4CE307C-2F3F-3AE6-8DD3-3ED9AD8F84A0}.Debug|win32.ActiveCfg = Debug|win32
		{D4CE307C-2F3F-3AE6-8DD3-3ED9AD8F84A0}.Debug|win32.Build.0 = Debug|win32
		{D4CE307C-2F3F-3AE6-8DD3-3ED9AD8F84A0}.MinSizeRel|win32.ActiveCfg = MinSizeRel|win32
		{D4CE307C-2F3F-3AE6-8DD3-3ED9AD8F84A0}.MinSizeRel|win32.Build.0 = MinSizeRel|win32
		{D4CE307C-2F3F-3AE6-8DD3-3ED9AD8F84A0}.Release|win32.ActiveCfg = Release|win32
		{D4CE307C-2F3F-3AE6-8DD3-3ED9AD8F84A0}.Release|win32.Build.0 = Release|win32
		{D4CE307C-2F3F-3AE6-8DD3-3ED9AD8F84A0}.RelWithDebInfo|win32.ActiveCfg = RelWithDebInfo|win32
		{D4CE307C-2F3F-3AE6-8DD3-3ED9AD8F84A0}.RelWithDebInfo|win32.Build.0 = RelWithDebInfo|win32
		{7E86B043-5F83-326F-B546-F2CA1E174A22}.Debug|win32.ActiveCfg = Debug|win32
		{7E86B043-5F83-326F-B546-F2CA1E174A22}.Debug|win32.Build.0 = Debug|win32
		{7E86B043-5F83-326F-B546-F2CA1E174A22}.MinSizeRel|win32.ActiveCfg = MinSizeRel|win32
		{7E86B043-5F83-326F-B546-F2CA1E174A22}.MinSizeRel|win32.Build.0 = MinSizeRel|win32
		{7E86B043-5F83-326F-B546-F2CA1E174A22}.Release|win32.ActiveCfg = Release|win32
		{7E86B043-5F83-326F-B546-F2CA1E174A22}.Release|win32.Build.0 = Release|win32
		{7E86B043-5F83-326F-B546-F2CA1E174A22}.RelWithDebInfo|win32.ActiveCfg = RelWithDebInfo|win32
		{7E86B043-5F83-326F-B546-F2CA1E174A22}.RelWithDebInfo|win32.Build.0 = RelWithDebInfo|win32
		{1FE41515-9DCA-3593-A687-42738152D6C6}.Debug|win32.ActiveCfg = Debug|win32
		{1FE41515-9DCA-3593-A687-42738152D6C6}.Debug|win32.Build.0 = Debug|win32
		{1FE41515-9DCA-3593-A687-42738152D6C6}.MinSizeRel|win32.ActiveCfg = MinSizeRel|win32
		{1FE41515-9DCA-3593-A687-42738152D6C6}.MinSizeRel|win32.Build.0 = MinSizeRel|win32
		{1FE41515-9DCA-3593-A687-42738152D6C6}.Release|win32.ActiveCfg = Release|win32
		{1FE41515-9DCA-3593-A687-42738152D6C6}.Release|win32.Build.0 = Release|win32
		{1FE41515-9DCA-3593-A687-42738152D6C6}.RelWithDebInfo|win32.ActiveCfg = RelWithDebInfo|win32
		{1FE41515-9DCA-3593-A687-42738152D6C6}.RelWithDebInfo|win32.Build.0 = RelWithDebInfo|win32
		{0B5F05BB-743A-3166-A55E-1F12CB167A22}.Debug|win32.ActiveCfg = Debug|win32
		{0B5F05BB-743A-3166-A55E-1F12CB167A22}.Debug|win32.Build.0 = Debug|win32
		{0B5F05BB-743A-3166-A55E-1F12CB167A22}.MinSizeRel|win32.ActiveCfg = MinSizeRel|win32
		{0B5F05BB-743A-3166-A55E-1F12CB167A22}.MinSizeRel|win32.Build.0 = MinSizeRel|win32
		{0B5F05BB-743A-3166-A55E-1F12CB167A22}.Release|win32.ActiveCfg = Release|win32
		{0B5F05BB-743A-3166-A55E-1F12CB167A22}.Release|win32.Build.0 = Release|win32
		{0B5F05BB-743A-3166-A55E-1F12CB167A22}.RelWithDebInfo|win32.ActiveCfg = RelWithDebInfo|win32
		{0B5F05BB-743A-3166-A55E-1F12CB167A22}.RelWithDebInfo|win32.Build.0 = RelWithDebInfo|win32
		{87836B1D-FB3A-3A0C-81FC-711F405A8C29}.Debug|win32.ActiveCfg = Debug|win32
		{87836B1D-FB3A-3A0C-81FC-711F405A8C29}.Debug|win32.Build.0 = Debug|win32
		{87836B1D-FB3A-3A0C-81FC-711F405A8C29}.MinSizeRel|win32.ActiveCfg = MinSizeRel|win32
		{87836B1D-FB3A-3A0C-81FC-711F405A8C29}.MinSizeRel|win32.Build.0 = MinSizeRel|win32
		{87836B1D-FB3A-3A0C-81FC-711F405A8C29}.Release|win32.ActiveCfg = Release|win32
		{87836B1D-FB3A-3A0C-81FC-711F405A8C29}.Release|win32.Build.0 = Release|win32
		{87836B1D-FB3A-3A0C-81FC-711F405A8C29}.RelWithDebInfo|win32.ActiveCfg = RelWithDebInfo|win32
		{87836B1D-FB3A-3A0C-81FC-711F405A8C29}.RelWithDebInfo|win32.Build.0 = RelWithDebInfo|win32
		{DB0D784A-0D8C-349B-9F72-93643CB6632D}.Debug|win32.ActiveCfg = Debug|win32
		{DB0D784A-0D8C-349B-9F72-93643CB6632D}.Debug|win32.Build.0 = Debug|win32
		{DB0D784A-0D8C-349B-9F72-93643CB6632D}.MinSizeRel|win32.ActiveCfg = MinSizeRel|win32
		{DB0D784A-0D8C-349B-9F72-93643CB6632D}.MinSizeRel|win32.Build.0 = MinSizeRel|win32
		{DB0D784A-0D8C-349B-9F72-93643CB6632D}.Release|win32.ActiveCfg = Release|win32
		{DB0D784A-0D8C-349B-9F72-93643CB6632D}.Release|win32.Build.0 = Release|win32
		{DB0D784A-0D8C-349B-9F72-93643CB6632D}.RelWithDebInfo|win32.ActiveCfg = RelWithDebInfo|win32
		{DB0D784A-0D8C-349B-9F72-93643CB6632D}.RelWithDebInfo|win32.Build.0 = RelWithDebInfo|win32
		{4C72FC88-2F94-38B8-8321-8A78040186AF}.Debug|win32.ActiveCfg = Debug|win32
		{4C72FC88-2F94-38B8-8321-8A78040186AF}.Debug|win32.Build.0 = Debug|win32
		{4C72FC88-2F94-38B8-8321-8A78040186AF}.MinSizeRel|win32.ActiveCfg = MinSizeRel|win32
		{4C72FC88-2F94-38B8-8321-8A78040186AF}.MinSizeRel|win32.Build.0 = MinSizeRel|win32
		{4C72FC88-2F94-38B8-8321-8A78040186AF}.Release|win32.ActiveCfg = Release|win32
		{4C72FC88-2F94-38B8-8321-8A78040186AF}.Release|win32.Build.0 = Release|win32
		{4C72FC88-2F94-38B8-8321-8A78040186AF}.RelWithDebInfo|win32.ActiveCfg = RelWithDebInfo|win32
		{4C72FC88-2F94-38B8-8321-8A78040186AF}.RelWithDebInfo|win32.Build.0 = RelWithDebInfo|win32
		{FAED7F04-642A-3C68-A925-A0C087725FD0}.Debug|win32.ActiveCfg = Debug|win32
		{FAED7F04-642A-3C68-A925-A0C087725FD0}.Debug|win32.Build.0 = Debug|win32
		{FAED7F04-642A-3C68-A925-A0C087725FD0}.MinSizeRel|win32.ActiveCfg = MinSizeRel|win32
		{FAED7F04-642A-3C68-A925-A0C087725FD0}.MinSizeRel|win32.Build.0 = MinSizeRel|win32
		{FAED7F04-642A-3C68-A925-A0C087725FD0}.Release|win32.ActiveCfg = Release|win32
		{FAED7F04-642A-3C68-A925-A0C087725FD0}.Release|win32.Build.0 = Release|win32
		{FAED7F04-642A-3C68-A925-A0C087725FD0}.RelWithDebInfo|win32.ActiveCfg = RelWithDebInfo|win32
		{FAED7F04-642A-3C68-A925-A0C087725FD0}.RelWithDebInfo|win32.Build.0 = RelWithDebInfo|win32
		{70B15C38-0368-38FF-B199-1DD6F53A8D55}.Debug|win32.ActiveCfg = Debug|win32
		{70B15C38-0368-38FF-B199-1DD6F53A8D55}.Debug|win32.Build.0 = Debug|win32
		{70B15C38-0368-38FF-B199-1DD6F53A8D55}.MinSizeRel|win32.ActiveCfg = MinSizeRel|win32
		{70B15C38-0368-38FF-B199-1DD6F53A8D55}.MinSizeRel|win32.Build.0 = MinSizeRel|win32
		{70B15C38-0368-38FF-B199-1DD6F53A8D55}.Release|win32.ActiveCfg = Release|win32
		{70B15C38-0368-38FF-B199-1DD6F53A8D55}.Release|win32.Build.0 = Release|win32
		{70B15C38-0368-38FF-B199-1DD6F53A8D55}.RelWithDebInfo|win32.ActiveCfg = RelWithDebInfo|win32
		{70B15C38-0368-38FF-B199-1DD6F53A8D55}.RelWithDebInfo|win32.Build.0 = RelWithDebInfo|win32
		{8C5E2BA3-F8CA-387C-9069-A9231D555C38}.Debug|win32.ActiveCfg = Debug|win32
		{8C5E2BA3-F8CA-387C-9069-A9231D555C38}.Debug|win32.Build.0 = Debug|win32
		{8C5E2BA3-F8CA-387C-9069-A9231D555C38}.MinSizeRel|win32.ActiveCfg = MinSizeRel|win32
		{8C5E2BA3-F8CA-387C-9069-A9231D555C38}.MinSizeRel|win32.Build.0 = MinSizeRel|win32
		{8C5E2BA3-F8CA-387C-9069-A9231D555C38}.Release|win32.ActiveCfg = Release|win32
		{8C5E2BA3-F8CA-387C-9069-A9231D555C38}.Release|win32.Build.0 = Release|win32
		{8C5E2BA3-F8CA-387C-9069-A9231D555C38}.RelWithDebInfo|win32.ActiveCfg = RelWithDebInfo|win32
		{8C5E2BA3-F8CA-387C-9069-A9231D555C38}.RelWithDebInfo|win32.Build.0 = RelWithDebInfo|win32
		{29B9B32A-D339-3A73-84A5-C58F4A2459EC}.Debug|win32.ActiveCfg = Debug|win32
		{29B9B32A-D339-3A73-84A5-C58F4A2459EC}.Debug|win32.Build.0 = Debug|win32
		{29B9B32A-D339-3A73-84A5-C58F4A2459EC}.MinSizeRel|win32.ActiveCfg = MinSizeRel|win32
		{29B9B32A-D339-3A73-84A5-C58F4A2459EC}.MinSizeRel|win32.Build.0 = MinSizeRel|win32
		{29B9B32A-D339-3A73-84A5-C58F4A2459EC}.Release|win32.ActiveCfg = Release|win32
		{29B9B32A-D339-3A73-84A5-C58F4A2459EC}.Release|win32.Build.0 = Release|win32
		{29B9B32A-D339-3A73-84A5-C58F4A2459EC}.RelWithDebInfo|win32.ActiveCfg = RelWithDebInfo|win32
		{29B9B32A-D339-3A73-84A5-C58F4A2459EC}.RelWithDebInfo|win32.Build.0 = RelWithDebInfo|win32
		{4B46C856-18E8-3071-B98F-956871C927C9}.Debug|win32.ActiveCfg = Debug|win32
		{4B46C856-18E8-3071-B98F-956871C927C9}.Debug|win32.Build.0 = Debug|win32
		{4B46C856-18E8-3071-B98F-956871C927C9}.MinSizeRel|win32.ActiveCfg = MinSizeRel|win32
		{4B46C856-18E8-3071-B98F-956871C927C9}.MinSizeRel|win32.Build.0 = MinSizeRel|win32
		{4B46C856-18E8-3071-B98F-956871C927C9}.Release|win32.ActiveCfg = Release|win32
		{4B46C856-18E8-3071-B98F-956871C927C9}.Release|win32.Build.0 = Release|win32
		{4B46C856-18E8-3071-B98F-956871C927C9}.RelWithDebInfo|win32.ActiveCfg = RelWithDebInfo|win32
		{4B46C856-18E8-3071-B98F-956871C927C9}.RelWithDebInfo|win32.Build.0 = RelWithDebInfo|win32
		{9870AECB-CF14-364B-9552-806F2D11EDE7}.Debug|win32.ActiveCfg = Debug|win32
		{9870AECB-CF14-364B-9552-806F2D11EDE7}.Debug|win32.Build.0 = Debug|win32
		{9870AECB-CF14-364B-9552-806F2D11EDE7}.MinSizeRel|win32.ActiveCfg = MinSizeRel|win32
		{9870AECB-CF14-364B-9552-806F2D11EDE7}.MinSizeRel|win32.Build.0 = MinSizeRel|win32
		{9870AECB-CF14-364B-9552-806F2D11EDE7}.Release|win32.ActiveCfg = Release|win32
		{9870AECB-CF14-364B-9552-806F2D11EDE7}.Release|win32.Build.0 = Release|win32
		{9870AECB-CF14-364B-9552-806F2D11EDE7}.RelWithDebInfo|win32.ActiveCfg = RelWithDebInfo|win32
		{9870AECB-CF14-364B-9552-806F2D11EDE7}.RelWithDebInfo|win32.Build.0 = RelWithDebInfo|win32
		{061F8FA2-D01C-39FC-8F9C-26D5AECEF0DF}.Debug|win32.ActiveCfg = Debug|win32
		{061F8FA2-D01C-39FC-8F9C-26D5AECEF0DF}.Debug|win32.Build.0 = Debug|win32
		{061F8FA2-D01C-39FC-8F9C-26D5AECEF0DF}.MinSizeRel|win32.ActiveCfg = MinSizeRel|win32
		{061F8FA2-D01C-39FC-8F9C-26D5AECEF0DF}.MinSizeRel|win32.Build.0 = MinSizeRel|win32
		{061F8FA2-D01C-39FC-8F9C-26D5AECEF0DF}.Release|win32.ActiveCfg = Release|win32
		{061F8FA2-D01C-39FC-8F9C-26D5AECEF0DF}.Release|win32.Build.0 = Release|win32
		{061F8FA2-D01C-39FC-8F9C-26D5AECEF0DF}.RelWithDebInfo|win32.ActiveCfg = RelWithDebInfo|win32
		{061F8FA2-D01C-39FC-8F9C-26D5AECEF0DF}.RelWithDebInfo|win32.Build.0 = RelWithDebInfo|win32
		{7CB07C8F-0F6F-35D5-BA76-F299AE399EDB}.Debug|win32.ActiveCfg = Debug|win32
		{7CB07C8F-0F6F-35D5-BA76-F299AE399EDB}.Debug|win32.Build.0 = Debug|win32
		{7CB07C8F-0F6F-35D5-BA76-F299AE399EDB}.MinSizeRel|win32.ActiveCfg = MinSizeRel|win32
		{7CB07C8F-0F6F-35D5-BA76-F299AE399EDB}.MinSizeRel|win32.Build.0 = MinSizeRel|win32
		{7CB07C8F-0F6F-35D5-BA76-F299AE399EDB}.Release|win32.ActiveCfg = Release|win32
		{7CB07C8F-0F6F-35D5-BA76-F299AE399EDB}.Release|win32.Build.0 = Release|win32
		{7CB07C8F-0F6F-35D5-BA76-F299AE399EDB}.RelWithDebInfo|win32.ActiveCfg = RelWithDebInfo|win32
		{7CB07C8F-0F6F-35D5-BA76-F299AE399EDB}.RelWithDebInfo|win32.Build.0 = RelWithDebInfo|win32
	EndGlobalSection
	GlobalSection(SolutionProperties) = preSolution
		HideSolutionNode = FALSE
	EndGlobalSection
	GlobalSection(NestedProjects) = preSolution
		{7E86B043-5F83-326F-B546-F2CA1E174A22} = {A4868957-4A9F-3C56-87AE-716D7943D4F4}
		{1FE41515-9DCA-3593-A687-42738152D6C6} = {B39C31A7-3331-3220-B67B-A3E4F7CE8398}
		{0B5F05BB-743A-3166-A55E-1F12CB167A22} = {5182CABB-4994-3FC2-A401-9B6A134034EE}
		{87836B1D-FB3A-3A0C-81FC-711F405A8C29} = {1F7D4EB4-5BE3-38D3-8AA7-B8D65A6D95A4}
		{DB0D784A-0D8C-349B-9F72-93643CB6632D} = {1F7D4EB4-5BE3-38D3-8AA7-B8D65A6D95A4}
		{4C72FC88-2F94-38B8-8321-8A78040186AF} = {1F7D4EB4-5BE3-38D3-8AA7-B8D65A6D95A4}
		{FAED7F04-642A-3C68-A925-A0C087725FD0} = {1F7D4EB4-5BE3-38D3-8AA7-B8D65A6D95A4}
		{70B15C38-0368-38FF-B199-1DD6F53A8D55} = {1F7D4EB4-5BE3-38D3-8AA7-B8D65A6D95A4}
		{8C5E2BA3-F8CA-387C-9069-A9231D555C38} = {1F7D4EB4-5BE3-38D3-8AA7-B8D65A6D95A4}
		{29B9B32A-D339-3A73-84A5-C58F4A2459EC} = {1F7D4EB4-5BE3-38D3-8AA7-B8D65A6D95A4}
		{4B46C856-18E8-3071-B98F-956871C927C9} = {1F7D4EB4-5BE3-38D3-8AA7-B8D65A6D95A4}
		{9870AECB-CF14-364B-9552-806F2D11EDE7} = {1F7D4EB4-5BE3-38D3-8AA7-B8D65A6D95A4}
		{061F8FA2-D01C-39FC-8F9C-26D5AECEF0DF} = {1F7D4EB4-5BE3-38D3-8AA7-B8D65A6D95A4}
		{7CB07C8F-0F6F-35D5-BA76-F299AE399EDB} = {1F7D4EB4-5BE3-38D3-8AA7-B8D65A6D95A4}
	EndGlobalSection
	GlobalSection(ExtensibilityGlobals) = postSolution
		SolutionGuid = {5991704B-E256-3B42-A1C3-963A22E80F61}
	EndGlobalSection
EndGlobal
